
Microsoft Visual Studio Solution File, Format Version 12.00
# Visual Studio Version 17
VisualStudioVersion = 17.5.001.0
MinimumVisualStudioVersion = 10.0.40219.1
Project("{9A19103F-16F7-4668-BE54-9A1E7A4F7556}") = "CalculatR", "CalculatR.csproj", "{A1F0CA7A-1691-4140-A29E-7D97DD69A053}"
EndProject
Global
	GlobalSection(SolutionConfigurationPlatforms) = preSolution
		Debug|Any CPU = Debug|Any CPU
		Release|Any CPU = Release|Any CPU
	EndGlobalSection
	GlobalSection(ProjectConfigurationPlatforms) = postSolution
		{A1F0CA7A-1691-4140-A29E-7D97DD69A053}.Debug|Any CPU.ActiveCfg = Debug|Any CPU
		{A1F0CA7A-1691-4140-A29E-7D97DD69A053}.Debug|Any CPU.Build.0 = Debug|Any CPU
		{A1F0CA7A-1691-4140-A29E-7D97DD69A053}.Release|Any CPU.ActiveCfg = Release|Any CPU
		{A1F0CA7A-1691-4140-A29E-7D97DD69A053}.Release|Any CPU.Build.0 = Release|Any CPU
	EndGlobalSection
	GlobalSection(SolutionProperties) = preSolution
		HideSolutionNode = FALSE
	EndGlobalSection
	GlobalSection(ExtensibilityGlobals) = postSolution
		SolutionGuid = {10BB5DC1-913B-4C3F-8AD4-369E86776369}
	EndGlobalSection
EndGlobal
